version = 1
revision = 3
requires-python = ">=3.12"

[[package]]
name = "aetherstore"
version = "0.1.0"
source = { editable = "." }

[package.optional-dependencies]
s3 = [
    { name = "boto3" },
]
stream = [
    { name = "confluent-kafka" },
]

[package.dev-dependencies]
dev = [
    { name = "boto3" },
    { name = "pytest" },
]

[package.metadata]
requires-dist = [
    { name = "boto3", marker = "extra == 's3'", specifier = ">=1.34" },
    { name = "confluent-kafka", marker = "extra == 'stream'", specifier = ">=2.5" },
]
provides-extras = ["s3", "stream"]

[package.metadata.requires-dev]
dev = [
    { name = "boto3", specifier = ">=1.34" },
    { name = "pytest", specifier = ">=8.0" },
]

[[package]]
name = "boto3"
version = "1.43.88"
source = { registry = "https://pypi.org/simple" }
dependencies = [
    { name = "botocore" },
    { name = "jmespath" },
    { name = "s3transfer" },
]
sdist = { url = "https://files.pythonhosted.org/packages/71/a4/d7b6ca0c2c21722c12b6ecc942ff3e2304c40f00724182500236616c4236/boto3-1.43.88.tar.gz", hash = "sha256:b3d03fba8ace049de27e3a6ed69b25a55d752f49d563394985e805ed5f0a0a74", size = 112730, upload-time = "2026-09-03T19:24:05.814Z" }
wheels = [
    { url = "https://files.pythonhosted.org/packages/fc/04/b024d6c8ba2ae18ebaf6597981069a6f51d97ab64d769d466936f1454954/boto3-1.43.88-py3-none-any.whl", hash = "sha256:62efee681fefc9b14244d66ab66ead11dd4a32fec0a54ac9f23106003ef210ca", size = 140024, upload-time = "2026-09-03T19:24:04.27Z" },
]

[[package]]
name = "botocore"
version = "1.43.88"
source = { registry = "https://pypi.org/simple" }
dependencies = [
    { name = "jmespath" },
    { name = "python-dateutil" },
    { name = "urllib3" },
]
sdist = { url = "https://files.pythonhosted.org/packages/49/16/8944ffdbd6df92c463b77e933bae41a46fb1ec903c48a286e855761ce115/botocore-1.43.88.tar.gz", hash = "sha256:3c8a6e2292f05c590c5d5299934dd23c81d19a2b6dd70b9eb724f79bd432d04f", size = 16072325, upload-time = "2026-09-03T19:24:01.045Z" }
wheels = [
    { url = "https://files.pythonhosted.org/packages/72/b0/2981d533ebf7f93a3fa8493fb243e11225f31ad5ae36f3259fe7215d9141/botocore-1.43.88-py3-none-any.whl", hash = "sha256:1b59b6d74fb77b0c3934014b6693d56da4a9a172edb9454f9a5f711b4b3f7353", size = 15765383, upload-time = "2026-09-03T19:23:57.936Z" },
]

[[package]]
name = "colorama"
version = "0.4.6"
source = { registry = "https://pypi.org/simple" }
sdist = { url = "https://files.pythonhosted.org/packages/d8/53/6f443c9a4a8358a93a6792e2acffb9d9d5cb0a5cfd8802644b7b1c9a02e4/colorama-0.4.6.tar.gz", hash = "sha256:08695f5cb7ed6e0531a20572697297273c47b8cae5a63ffc6d6ed5c201be6e44", size = 27697, upload-time = "2022-10-25T02:36:22.414Z" }
wheels = [
    { url = "https://files.pythonhosted.org/packages/d1/d6/3965ed04c63042e047cb6a3e6ed1a63a35087b6a609aa3a15ed8ac56c221/colorama-0.4.6-py2.py3-none-any.whl", hash = "sha256:4f1d9991f5acc0ca119f9d443620b77f9d6b33703e51011c16baf57afb285fc6", size = 25335, upload-time = "2022-10-25T02:36:20.889Z" },
]

[[package]]
name = "confluent-kafka"
version = "2.15.0"
source = { registry = "https://pypi.org/simple" }
sdist = { url = "https://files.pythonhosted.org/packages/51/90/eb998fedefb63b42910b54b76b7d300ccddc56430a5175122eb60cedc4f3/confluent_kafka-2.15.0.tar.gz", hash = "sha256:7ad9bad1cbabf6713ec039b8204b48d322024fd11397eec88d912e048c732ba7", size = 323365, upload-time = "2026-06-30T19:48:43.395Z" }
wheels = [
    { url = "https://files.pythonhosted.org/packages/7a/b3/34811eb66633dce51f583cd0ea5d78a26c9a135847d7dbd536fc5a963055/confluent_kafka-2.15.0-cp312-cp312-macosx_10_9_x86_64.whl", hash = "sha256:6e5ea2933c0b07782a99dfdfc9d52e92526e7a61839a6994feb994dcf2a78a74", size = 4367689, upload-time = "2026-06-30T19:48:00.855Z" },
    { url = "https://files.pythonhosted.org/packages/8f/08/9fea6928cd1e678df0be930206e631bb7e44e7ed54560f5b3f76352187ff/confluent_kafka-2.15.0-cp312-cp312-macosx_11_0_arm64.whl", hash = "sha256:e4465a060ab215d5d514b181f3e7502c6fd7887529381c4af940a0b60f9d65cc", size = 4338594, upload-time = "2026-06-30T19:48:02.469Z" },
    { url = "https://files.pythonhosted.org/packages/25/5f/f9728a100ba40d31a957c5f5cb594ea7d49fd1188002543d3543349a063a/confluent_kafka-2.15.0-cp312-cp312-manylinux_2_28_aarch64.whl", hash = "sha256:b68e6f441866542c9150e6fdf106131eee5a51db591937888c866d799fb354ec", size = 4979384, upload-time = "2026-06-30T19:48:04.127Z" },
    { url = "https://files.pythonhosted.org/packages/8b/2e/9f80cae9dd7b4852b8a24f9f91001916b987a2ba359e9f077c43ca41d5da/confluent_kafka-2.15.0-cp312-cp312-manylinux_2_28_x86_64.whl", hash = "sha256:fd833dab1392f456b9dd52b7ed9ac65b2cc36871ed5e3ebe8d53486c965b6453", size = 4785580, upload-time = "2026-06-30T19:48:05.841Z" },
    { url = "https://files.pythonhosted.org/packages/6e/b6/02f73ed259d5be5fbbc8dde41527cad097eca56ab7831026039c8abbaffc/confluent_kafka-2.15.0-cp312-cp312-win_amd64.whl", hash = "sha256:2cc8d01a77c534669bb896f731c8917cd63b787618081fdd0d1420d58cd6815b", size = 4549188, upload-time = "2026-06-30T19:48:07.426Z" },
    { url = "https://files.pythonhosted.org/packages/b0/80/c7bba18644fb748fc1202e2652230652d243c764fc158798d9f2096513c4/confluent_kafka-2.15.0-cp313-cp313-macosx_13_0_arm64.whl", hash = "sha256:ff43508f8e929d83545272ef4f17e27fdaa9cc8397f77cf2236b22d67de4edc4", size = 4343586, upload-time = "2026-06-30T19:48:09.272Z" },
    { url = "https://files.pythonhosted.org/packages/fa/41/0be8143a944c70c6055e8d0fb713964ebe173494e280451c927fa02247ab/confluent_kafka-2.15.0-cp313-cp313-macosx_13_0_x86_64.whl", hash = "sha256:41d4c7360c51202785e8e9aa56241dd392b9dbcc311eae7c5e6985b239efc12b", size = 4371325, upload-time = "2026-06-30T19:48:10.996Z" },
    { url = "https://files.pythonhosted.org/packages/e2/3c/d5c83c20599a82faa065b922b55338c672a268fa2ac75f54e53bed8913d7/confluent_kafka-2.15.0-cp313-cp313-manylinux_2_28_aarch64.whl", hash = "sha256:b0ac3831aac47ea23699a6ca5b9836288a4b9d201015dbfc4c3ec9f20592fdb5", size = 4979865, upload-time = "2026-06-30T19:48:12.447Z" },
    { url = "https://files.pythonhosted.org/packages/40/79/5be34236697e8fabbed5534a67100b9d9d11c210de55ba3ba2590d7d7634/confluent_kafka-2.15.0-cp313-cp313-manylinux_2_28_x86_64.whl", hash = "sha256:0455754e8294e1e76cb5acc083c300b6bd8d88f2d2c551c583cbf4ab55889a57", size = 4785955, upload-time = "2026-06-30T19:48:14.055Z" },
    { url = "https://files.pythonhosted.org/packages/94/ff/4da4e954040769d46111f3c0e5b3e76f2d3bc4b27c1deb5fd64fc9cc4055/confluent_kafka-2.15.0-cp313-cp313-win_amd64.whl", hash = "sha256:7c59ea36606e0e946e6b353203136b4d71be6d95c0c8ae5113b81850ff5b7b41", size = 4608827, upload-time = "2026-06-30T19:48:15.746Z" },
    { url = "https://files.pythonhosted.org/packages/18/20/5c078b9560b8005404e09a5889b9771e8deb5c9dddeb9003f58c7d028258/confluent_kafka-2.15.0-cp314-cp314-macosx_13_0_arm64.whl", hash = "sha256:e781d39ff31d5d10d0502471f92f95aff4f5be1eaae9a1f57aeac164bc9f9029", size = 4343440, upload-time = "2026-06-30T19:48:17.324Z" },
    { url = "https://files.pythonhosted.org/packages/aa/27/fd83281231b6179e3923822e20861dfc1d6c200edb910c3d8e9a15b9e95a/confluent_kafka-2.15.0-cp314-cp314-macosx_13_0_x86_64.whl", hash = "sha256:000463c822a7adc3293369b63688b68d17c03a1a4a64f86182efc08f8b150676", size = 4371051, upload-time = "2026-06-30T19:48:19.29Z" },
    { url = "https://files.pythonhosted.org/packages/5e/3e/fa82e6699144e707972bbf57489598defdf67e844ae2a7d29e0ea4e3a187/confluent_kafka-2.15.0-cp314-cp314-manylinux_2_28_aarch64.whl", hash = "sha256:9ddf4cf4647e5d633ef64e3f5a349d5288edfedf974203993e9d86548c2695be", size = 4979624, upload-time = "2026-06-30T19:48:21.454Z" },
    { url = "https://files.pythonhosted.org/packages/13/ee/b4b6a0da17584b432c83a0500ac79c04864ef92dafdb405614831b995232/confluent_kafka-2.15.0-cp314-cp314-manylinux_2_28_x86_64.whl", hash = "sha256:d8ed33f623ff2a104fb76f99a67e9917f0170fddb4e28380fcdc83347b1646b2", size = 4785678, upload-time = "2026-06-30T19:48:23.068Z" },
    { url = "https://files.pythonhosted.org/packages/a8/f4/19a852d16e8e4f8ac930037d8ecda21a220f6d5d050a59bbce10189ac9ec/confluent_kafka-2.15.0-cp314-cp314-win_amd64.whl", hash = "sha256:2e80bd96f61aae2ffba951754a769e6d3c5ebb5a5e778ed0ae8ad899ea91556b", size = 4744444, upload-time = "2026-06-30T19:48:24.698Z" },
]

[[package]]
name = "iniconfig"
version = "2.3.0"
source = { registry = "https://pypi.org/simple" }
sdist = { url = "https://files.pythonhosted.org/packages/72/34/14ca021ce8e5dfedc35312d08ba8bf51fdd999c576889fc2c24cb97f4f10/iniconfig-2.3.0.tar.gz", hash = "sha256:c76315c77db068650d49c5b56314774a7804df16fee4402c1f19d6d15d8c4730", size = 20503, upload-time = "2025-10-18T21:55:43.219Z" }
wheels = [
    { url = "https://files.pythonhosted.org/packages/cb/b1/3846dd7f199d53cb17f49cba7e651e9ce294d8497c8c150530ed11865bb8/iniconfig-2.3.0-py3-none-any.whl", hash = "sha256:f631c04d2c48c52b84d0d0549c99ff3859c98df65b3101406327ecc7d53fbf12", size = 7484, upload-time = "2025-10-18T21:55:41.639Z" },
]

[[package]]
name = "jmespath"
version = "1.1.0"
source = { registry = "https://pypi.org/simple" }
sdist = { url = "https://files.pythonhosted.org/packages/d3/59/322338183ecda247fb5d1763a6cbe46eff7222eaeebafd9fa65d4bf5cb11/jmespath-1.1.0.tar.gz", hash = "sha256:472c87d80f36026ae83c6ddd0f1d05d4e510134ed462851fd5f754c8c3cbb88d", size = 27377, upload-time = "2026-01-22T16:35:26.279Z" }
wheels = [
    { url = "https://files.pythonhosted.org/packages/14/2f/967ba146e6d58cf6a652da73885f52fc68001525b4197effc174321d70b4/jmespath-1.1.0-py3-none-any.whl", hash = "sha256:a5663118de4908c91729bea0acadca56526eb2698e83de10cd116ae0f4e97c64", size = 20419, upload-time = "2026-01-22T16:35:24.919Z" },
]

[[package]]
name = "packaging"
version = "26.3"
source = { registry = "https://pypi.org/simple" }
sdist = { url = "https://files.pythonhosted.org/packages/7d/fa/3944b40b07da9ce895c0e6303a5ab7d53da063554f534556b134a54d6093/packaging-26.3.tar.gz", hash = "sha256:94edc256424af38762eb31306eed28beb9f0efc50a8837492c9d6fd6004aed79", size = 313412, upload-time = "2026-08-04T18:15:28.737Z" }
wheels = [
    { url = "https://files.pythonhosted.org/packages/63/34/ba1c580383c9eada3711951fef0795c80b829a078d72188184bcab9dd527/packaging-26.3-py3-none-any.whl", hash = "sha256:d7193f7c8e4e93f444fde0262bf90af30e16fa0ad0ad44cb553c87339b23cd1c", size = 129956, upload-time = "2026-08-04T18:15:27.159Z" },
]

[[package]]
name = "pluggy"
version = "1.6.0"
source = { registry = "https://pypi.org/simple" }
sdist = { url = "https://files.pythonhosted.org/packages/f9/e2/3e91f31a7d2b083fe6ef3fa267035b518369d9511ffab804f839851d2779/pluggy-1.6.0.tar.gz", hash = "sha256:7dcc130b76258d33b90f61b658791dede3486c3e6bfb003ee5c9bfb396dd22f3", size = 69412, upload-time = "2025-05-15T12:30:07.975Z" }
wheels = [
    { url = "https://files.pythonhosted.org/packages/54/20/4d324d65cc6d9205fabedc306948156824eb9f0ee1633355a8f7ec5c66bf/pluggy-1.6.0-py3-none-any.whl", hash = "sha256:e920276dd6813095e9377c0bc5566d94c932c33b27a3e3945d8389c374dd4746", size = 20538, upload-time = "2025-05-15T12:30:06.134Z" },
]

[[package]]
name = "pygments"
version = "2.21.0"
source = { registry = "https://pypi.org/simple" }
sdist = { url = "https://files.pythonhosted.org/packages/49/2e/ced460408999b33da6b31b0021b0f37d329e202d4169aeb164493778f25b/pygments-2.21.0.tar.gz", hash = "sha256:610ca751c9bc2492b38eb9a38a7fbc93edbbb2d7182edaf34e66ae493dee5c8c", size = 5005329, upload-time = "2026-08-17T08:02:48.824Z" }
wheels = [
    { url = "https://files.pythonhosted.org/packages/71/46/17f022dd3e953bf20a04a028a21ec746d942f8d2af30fa0f124fa0e6a684/pygments-2.21.0-py3-none-any.whl", hash = "sha256:2363c69b61c4a97c838da3b130dcd6468f4848992b21a82f2a63ec34377137d9", size = 1250147, upload-time = "2026-08-17T08:02:44.912Z" },
]

[[package]]
name = "pytest"
version = "9.1.1"
source = { registry = "https://pypi.org/simple" }
dependencies = [
    { name = "colorama", marker = "sys_platform == 'win32'" },
    { name = "iniconfig" },
    { name = "packaging" },
    { name = "pluggy" },
    { name = "pygments" },
]
sdist = { url = "https://files.pythonhosted.org/packages/e4/47/b9efed96c114afcfa3c9d3fe98a76a1d14c74a9e266d397cf6eb64be5e01/pytest-9.1.1.tar.gz", hash = "sha256:1088fbde8f2b49d95a549a195707afa7a76a3ce9bcadc26b6d71f0ffda5fe313", size = 1636369, upload-time = "2026-06-19T10:58:32.857Z" }
wheels = [
    { url = "https://files.pythonhosted.org/packages/24/25/1de2678b631f5a49215c6c96fff41ba892b0a34df68d6d80292b1b48aa7f/pytest-9.1.1-py3-none-any.whl", hash = "sha256:37a86b45efb9a47a61a36449063e8e18d0cab3161329fc099eb21783169c4f0c", size = 386536, upload-time = "2026-06-19T10:58:31.347Z" },
]

[[package]]
name = "python-dateutil"
version = "2.9.0.post0"
source = { registry = "https://pypi.org/simple" }
dependencies = [
    { name = "six" },
]
sdist = { url = "https://files.pythonhosted.org/packages/66/c0/0c8b6ad9f17a802ee498c46e004a0eb49bc148f2fd230864601a86dcf6db/python-dateutil-2.9.0.post0.tar.gz", hash = "sha256:37dd54208da7e1cd875388217d5e00ebd4179249f90fb72437e91a35459a0ad3", size = 342432, upload-time = "2024-03-01T18:36:20.211Z" }
wheels = [
    { url = "https://files.pythonhosted.org/packages/ec/57/56b9bcc3c9c6a792fcbaf139543cee77261f3651ca9da0c93f5c1221264b/python_dateutil-2.9.0.post0-py2.py3-none-any.whl", hash = "sha256:a8b2bc7bffae282281c8140a97d3aa9c14da0b136dfe83f850eea9a5f7470427", size = 229892, upload-time = "2024-03-01T18:36:18.57Z" },
]

[[package]]
name = "s3transfer"
version = "0.19.2"
source = { registry = "https://pypi.org/simple" }
dependencies = [
    { name = "botocore" },
]
sdist = { url = "https://files.pythonhosted.org/packages/76/43/35e4d8aa320bffe8287fe8f65f578fa2d2db0a64212f0e710dce58267854/s3transfer-0.19.2.tar.gz", hash = "sha256:ba0309fd86be3c27dbf78cdd813c13c5e1df16e5874b99d2535ebbdfb9892993", size = 165592, upload-time = "2026-07-22T19:30:44.432Z" }
wheels = [
    { url = "https://files.pythonhosted.org/packages/bc/e7/5c595c75e9f41a44f30e526eda465ea0b4eec93470e074e4a111b253f13a/s3transfer-0.19.2-py3-none-any.whl", hash = "sha256:d8168eccca828cbb2cd573675333f3bddd254313a9c42494b84c76b539e8ba25", size = 90216, upload-time = "2026-07-22T19:30:43.251Z" },
]

[[package]]
name = "six"
version = "1.17.0"
source = { registry = "https://pypi.org/simple" }
sdist = { url = "https://files.pythonhosted.org/packages/94/e7/b2c673351809dca68a0e064b6af791aa332cf192da575fd474ed7d6f16a2/six-1.17.0.tar.gz", hash = "sha256:ff70335d468e7eb6ec65b95b99d3a2836546063f63acc5171de367e834932a81", size = 34031, upload-time = "2024-12-04T17:35:28.174Z" }
wheels = [
    { url = "https://files.pythonhosted.org/packages/b7/ce/149a00dd41f10bc29e5921b496af8b574d8413afcd5e30dfa0ed46c2cc5e/six-1.17.0-py2.py3-none-any.whl", hash = "sha256:4721f391ed90541fddacab5acf947aa0d3dc7d27b2e1e8eda2be8970586c3274", size = 11050, upload-time = "2024-12-04T17:35:26.475Z" },
]

[[package]]
name = "urllib3"
version = "2.7.0"
source = { registry = "https://pypi.org/simple" }
sdist = { url = "https://files.pythonhosted.org/packages/53/0c/06f8b233b8fd13b9e5ee11424ef85419ba0d8ba0b3138bf360be2ff56953/urllib3-2.7.0.tar.gz", hash = "sha256:231e0ec3b63ceb14667c67be60f2f2c40a518cb38b03af60abc813da26505f4c", size = 433602, upload-time = "2026-05-07T16:13:18.596Z" }
wheels = [
    { url = "https://files.pythonhosted.org/packages/7f/3e/5db95bcf282c52709639744ca2a8b149baccf648e39c8cc87553df9eae0c/urllib3-2.7.0-py3-none-any.whl", hash = "sha256:9fb4c81ebbb1ce9531cce37674bbc6f1360472bc18ca9a553ede278ef7276897", size = 131087, upload-time = "2026-05-07T16:13:17.151Z" },
]
